{
  "requires": true,
  "lockfileVersion": 1,
  "dependencies": {
    "@babel/runtime": {
      "version": "7.11.2",
      "resolved": "https://registry.npm.taobao.org/@babel/runtime/download/@babel/runtime-7.11.2.tgz?cache=0&sync_timestamp=1596637803941&other_urls=https%3A%2F%2Fregistry.npm.taobao.org%2F%40babel%2Fruntime%2Fdownload%2F%40babel%2Fruntime-7.11.2.tgz",
      "integrity": "sha1-9UnBPHVMxAuHZEufqfCaapX+BzY=",
      "requires": {
        "regenerator-runtime": "^0.13.4"
      }
    },
    "array-includes": {
      "version": "3.1.1",
      "resolved": "https://registry.npm.taobao.org/array-includes/download/array-includes-3.1.1.tgz",
      "integrity": "sha1-zdZ+aFK9+cEhVGB4ZzIlXtJFk0g=",
      "requires": {
        "define-properties": "^1.1.3",
        "es-abstract": "^1.17.0",
        "is-string": "^1.0.5"
      }
    },
    "array.prototype.flatmap": {
      "version": "1.2.3",
      "resolved": "https://registry.npm.taobao.org/array.prototype.flatmap/download/array.prototype.flatmap-1.2.3.tgz",
      "integrity": "sha1-HBP4SheFZgQt1j3kQURA25Ii5EM=",
      "requires": {
        "define-properties": "^1.1.3",
        "es-abstract": "^1.17.0-next.1",
        "function-bind": "^1.1.1"
      }
    },
    "async-validator": {
      "version": "1.12.2",
      "resolved": "https://registry.npm.taobao.org/async-validator/download/async-validator-1.12.2.tgz?cache=0&sync_timestamp=1596625258256&other_urls=https%3A%2F%2Fregistry.npm.taobao.org%2Fasync-validator%2Fdownload%2Fasync-validator-1.12.2.tgz",
      "integrity": "sha1-vq5nHnF00pOLe0tp0vt+cit/1yw="
    },
    "deep-diff": {
      "version": "0.3.8",
      "resolved": "https://registry.npm.taobao.org/deep-diff/download/deep-diff-0.3.8.tgz",
      "integrity": "sha1-wB3mPvsO7JeYgB1Ax+Da4ltYLIQ="
    },
    "define-properties": {
      "version": "1.1.3",
      "resolved": "https://registry.npm.taobao.org/define-properties/download/define-properties-1.1.3.tgz",
      "integrity": "sha1-z4jabL7ib+bbcJT2HYcMvYTO6fE=",
      "requires": {
        "object-keys": "^1.0.12"
      }
    },
    "dianpingapp": {
      "version": "git+https://github.com/lucaluca07/dianpingapp.git#d65e97fe9d40338ffe45dca14c76b6ddf881e79a",
      "from": "git+https://github.com/lucaluca07/dianpingapp.git",
      "requires": {
        "async-validator": "^1.8.2",
        "es6-promise": "^4.1.1",
        "eslint-plugin-react": "^7.5.1",
        "history": "^4.7.2",
        "react": "^16.1.1",
        "react-dom": "^16.1.1",
        "react-redux": "^5.0.6",
        "react-router-dom": "^4.2.2",
        "react-router-redux": "^5.0.0-alpha.8",
        "react-swipe": "^5.1.0",
        "redux": "^3.7.2",
        "redux-logger": "^3.0.6",
        "redux-thunk": "^2.2.0",
        "swipe-js-iso": "^2.0.4",
        "whatwg-fetch": "^2.0.3"
      }
    },
    "doctrine": {
      "version": "2.1.0",
      "resolved": "https://registry.npm.taobao.org/doctrine/download/doctrine-2.1.0.tgz",
      "integrity": "sha1-XNAfwQFiG0LEzX9dGmYkNxbT850=",
      "requires": {
        "esutils": "^2.0.2"
      }
    },
    "es-abstract": {
      "version": "1.17.6",
      "resolved": "https://registry.npm.taobao.org/es-abstract/download/es-abstract-1.17.6.tgz?cache=0&sync_timestamp=1597446119395&other_urls=https%3A%2F%2Fregistry.npm.taobao.org%2Fes-abstract%2Fdownload%2Fes-abstract-1.17.6.tgz",
      "integrity": "sha1-kUIHFweFeyysx7iey2cDFsPi1So=",
      "requires": {
        "es-to-primitive": "^1.2.1",
        "function-bind": "^1.1.1",
        "has": "^1.0.3",
        "has-symbols": "^1.0.1",
        "is-callable": "^1.2.0",
        "is-regex": "^1.1.0",
        "object-inspect": "^1.7.0",
        "object-keys": "^1.1.1",
        "object.assign": "^4.1.0",
        "string.prototype.trimend": "^1.0.1",
        "string.prototype.trimstart": "^1.0.1"
      }
    },
    "es-to-primitive": {
      "version": "1.2.1",
      "resolved": "https://registry.npm.taobao.org/es-to-primitive/download/es-to-primitive-1.2.1.tgz",
      "integrity": "sha1-5VzUyc3BiLzvsDs2bHNjI/xciYo=",
      "requires": {
        "is-callable": "^1.1.4",
        "is-date-object": "^1.0.1",
        "is-symbol": "^1.0.2"
      }
    },
    "es6-promise": {
      "version": "4.2.8",
      "resolved": "https://registry.npm.taobao.org/es6-promise/download/es6-promise-4.2.8.tgz",
      "integrity": "sha1-TrIVlMlyvEBVPSduUQU5FD21Pgo="
    },
    "eslint-plugin-react": {
      "version": "7.20.6",
      "resolved": "https://registry.npm.taobao.org/eslint-plugin-react/download/eslint-plugin-react-7.20.6.tgz",
      "integrity": "sha1-TXhFMRqTxGNJPM+goZycXQ/Wn2A=",
      "requires": {
        "array-includes": "^3.1.1",
        "array.prototype.flatmap": "^1.2.3",
        "doctrine": "^2.1.0",
        "has": "^1.0.3",
        "jsx-ast-utils": "^2.4.1",
        "object.entries": "^1.1.2",
        "object.fromentries": "^2.0.2",
        "object.values": "^1.1.1",
        "prop-types": "^15.7.2",
        "resolve": "^1.17.0",
        "string.prototype.matchall": "^4.0.2"
      }
    },
    "esutils": {
      "version": "2.0.3",
      "resolved": "https://registry.npm.taobao.org/esutils/download/esutils-2.0.3.tgz",
      "integrity": "sha1-dNLrTeC42hKTcRkQ1Qd1ubcQ72Q="
    },
    "function-bind": {
      "version": "1.1.1",
      "resolved": "https://registry.npm.taobao.org/function-bind/download/function-bind-1.1.1.tgz",
      "integrity": "sha1-pWiZ0+o8m6uHS7l3O3xe3pL0iV0="
    },
    "has": {
      "version": "1.0.3",
      "resolved": "https://registry.npm.taobao.org/has/download/has-1.0.3.tgz",
      "integrity": "sha1-ci18v8H2qoJB8W3YFOAR4fQeh5Y=",
      "requires": {
        "function-bind": "^1.1.1"
      }
    },
    "has-symbols": {
      "version": "1.0.1",
      "resolved": "https://registry.npm.taobao.org/has-symbols/download/has-symbols-1.0.1.tgz",
      "integrity": "sha1-n1IUdYpEGWxAbZvXbOv4HsLdMeg="
    },
    "history": {
      "version": "4.10.1",
      "resolved": "https://registry.npm.taobao.org/history/download/history-4.10.1.tgz?cache=0&sync_timestamp=1591982561040&other_urls=https%3A%2F%2Fregistry.npm.taobao.org%2Fhistory%2Fdownload%2Fhistory-4.10.1.tgz",
      "integrity": "sha1-MzcaZeOoOyZ0NOKz87G0xYqtTPM=",
      "requires": {
        "@babel/runtime": "^7.1.2",
        "loose-envify": "^1.2.0",
        "resolve-pathname": "^3.0.0",
        "tiny-invariant": "^1.0.2",
        "tiny-warning": "^1.0.0",
        "value-equal": "^1.0.1"
      }
    },
    "hoist-non-react-statics": {
      "version": "3.3.2",
      "resolved": "https://registry.npm.taobao.org/hoist-non-react-statics/download/hoist-non-react-statics-3.3.2.tgz",
      "integrity": "sha1-7OCsr3HWLClpwuxZ/v9CpLGoW0U=",
      "requires": {
        "react-is": "^16.7.0"
      }
    },
    "internal-slot": {
      "version": "1.0.2",
      "resolved": "https://registry.npm.taobao.org/internal-slot/download/internal-slot-1.0.2.tgz",
      "integrity": "sha1-nC6fs82OXkJWxvRf4xAGf8+jeKM=",
      "requires": {
        "es-abstract": "^1.17.0-next.1",
        "has": "^1.0.3",
        "side-channel": "^1.0.2"
      }
    },
    "invariant": {
      "version": "2.2.4",
      "resolved": "https://registry.npm.taobao.org/invariant/download/invariant-2.2.4.tgz",
      "integrity": "sha1-YQ88ksk1nOHbYW5TgAjSP/NRWOY=",
      "requires": {
        "loose-envify": "^1.0.0"
      }
    },
    "is-callable": {
      "version": "1.2.2",
      "resolved": "https://registry.npm.taobao.org/is-callable/download/is-callable-1.2.2.tgz?cache=0&sync_timestamp=1600721424274&other_urls=https%3A%2F%2Fregistry.npm.taobao.org%2Fis-callable%2Fdownload%2Fis-callable-1.2.2.tgz",
      "integrity": "sha1-x8ZxXNItTdtI0+GZcCI6zquwgNk="
    },
    "is-date-object": {
      "version": "1.0.2",
      "resolved": "https://registry.npm.taobao.org/is-date-object/download/is-date-object-1.0.2.tgz",
      "integrity": "sha1-vac28s2P0G0yhE53Q7+nSUw7/X4="
    },
    "is-negative-zero": {
      "version": "2.0.0",
      "resolved": "https://registry.npm.taobao.org/is-negative-zero/download/is-negative-zero-2.0.0.tgz",
      "integrity": "sha1-lVOxIbD6wohp2p7UWeIMdUN4hGE="
    },
    "is-regex": {
      "version": "1.1.1",
      "resolved": "https://registry.npm.taobao.org/is-regex/download/is-regex-1.1.1.tgz?cache=0&sync_timestamp=1596555650246&other_urls=https%3A%2F%2Fregistry.npm.taobao.org%2Fis-regex%2Fdownload%2Fis-regex-1.1.1.tgz",
      "integrity": "sha1-xvmKrMVG9s7FRooHt7FTq1ZKV7k=",
      "requires": {
        "has-symbols": "^1.0.1"
      }
    },
    "is-string": {
      "version": "1.0.5",
      "resolved": "https://registry.npm.taobao.org/is-string/download/is-string-1.0.5.tgz",
      "integrity": "sha1-QEk+0ZjvP/R3uMf5L2ROyCpc06Y="
    },
    "is-symbol": {
      "version": "1.0.3",
      "resolved": "https://registry.npm.taobao.org/is-symbol/download/is-symbol-1.0.3.tgz",
      "integrity": "sha1-OOEBS55jKb4N6dJKQU/XRB7GGTc=",
      "requires": {
        "has-symbols": "^1.0.1"
      }
    },
    "isarray": {
      "version": "0.0.1",
      "resolved": "https://registry.npm.taobao.org/isarray/download/isarray-0.0.1.tgz?cache=0&sync_timestamp=1562592125418&other_urls=https%3A%2F%2Fregistry.npm.taobao.org%2Fisarray%2Fdownload%2Fisarray-0.0.1.tgz",
      "integrity": "sha1-ihis/Kmo9Bd+Cav8YDiTmwXR7t8="
    },
    "js-tokens": {
      "version": "4.0.0",
      "resolved": "https://registry.npm.taobao.org/js-tokens/download/js-tokens-4.0.0.tgz",
      "integrity": "sha1-GSA/tZmR35jjoocFDUZHzerzJJk="
    },
    "jsx-ast-utils": {
      "version": "2.4.1",
      "resolved": "https://registry.npm.taobao.org/jsx-ast-utils/download/jsx-ast-utils-2.4.1.tgz?cache=0&sync_timestamp=1591928246466&other_urls=https%3A%2F%2Fregistry.npm.taobao.org%2Fjsx-ast-utils%2Fdownload%2Fjsx-ast-utils-2.4.1.tgz",
      "integrity": "sha1-ERSkwSCUgdsGxpDCtPSIzGZfZX4=",
      "requires": {
        "array-includes": "^3.1.1",
        "object.assign": "^4.1.0"
      }
    },
    "lodash": {
      "version": "4.17.20",
      "resolved": "https://registry.npm.taobao.org/lodash/download/lodash-4.17.20.tgz?cache=0&sync_timestamp=1597336097104&other_urls=https%3A%2F%2Fregistry.npm.taobao.org%2Flodash%2Fdownload%2Flodash-4.17.20.tgz",
      "integrity": "sha1-tEqbYpe8tpjxxRo1RaKzs2jVnFI="
    },
    "lodash-es": {
      "version": "4.17.15",
      "resolved": "https://registry.npm.taobao.org/lodash-es/download/lodash-es-4.17.15.tgz",
      "integrity": "sha1-Ib2Wg5NUQS8j16EDQOXqxu5FXXg="
    },
    "loose-envify": {
      "version": "1.4.0",
      "resolved": "https://registry.npm.taobao.org/loose-envify/download/loose-envify-1.4.0.tgz",
      "integrity": "sha1-ce5R+nvkyuwaY4OffmgtgTLTDK8=",
      "requires": {
        "js-tokens": "^3.0.0 || ^4.0.0"
      }
    },
    "object-assign": {
      "version": "4.1.1",
      "resolved": "https://registry.npm.taobao.org/object-assign/download/object-assign-4.1.1.tgz",
      "integrity": "sha1-IQmtx5ZYh8/AXLvUQsrIv7s2CGM="
    },
    "object-inspect": {
      "version": "1.8.0",
      "resolved": "https://registry.npm.taobao.org/object-inspect/download/object-inspect-1.8.0.tgz?cache=0&sync_timestamp=1592545152574&other_urls=https%3A%2F%2Fregistry.npm.taobao.org%2Fobject-inspect%2Fdownload%2Fobject-inspect-1.8.0.tgz",
      "integrity": "sha1-34B+Xs9TpgnMa/6T6sPMe+WzqdA="
    },
    "object-keys": {
      "version": "1.1.1",
      "resolved": "https://registry.npm.taobao.org/object-keys/download/object-keys-1.1.1.tgz",
      "integrity": "sha1-HEfyct8nfzsdrwYWd9nILiMixg4="
    },
    "object.assign": {
      "version": "4.1.1",
      "resolved": "https://registry.npm.taobao.org/object.assign/download/object.assign-4.1.1.tgz?cache=0&sync_timestamp=1599844895115&other_urls=https%3A%2F%2Fregistry.npm.taobao.org%2Fobject.assign%2Fdownload%2Fobject.assign-4.1.1.tgz",
      "integrity": "sha1-MDhnpmbN1Bk27N7fsfjz4ypHjN0=",
      "requires": {
        "define-properties": "^1.1.3",
        "es-abstract": "^1.18.0-next.0",
        "has-symbols": "^1.0.1",
        "object-keys": "^1.1.1"
      },
      "dependencies": {
        "es-abstract": {
          "version": "1.18.0-next.0",
          "resolved": "https://registry.npm.taobao.org/es-abstract/download/es-abstract-1.18.0-next.0.tgz?cache=0&sync_timestamp=1597446119395&other_urls=https%3A%2F%2Fregistry.npm.taobao.org%2Fes-abstract%2Fdownload%2Fes-abstract-1.18.0-next.0.tgz",
          "integrity": "sha1-swKDSSfmJNjlg37UgiQpHyxm5vw=",
          "requires": {
            "es-to-primitive": "^1.2.1",
            "function-bind": "^1.1.1",
            "has": "^1.0.3",
            "has-symbols": "^1.0.1",
            "is-callable": "^1.2.0",
            "is-negative-zero": "^2.0.0",
            "is-regex": "^1.1.1",
            "object-inspect": "^1.8.0",
            "object-keys": "^1.1.1",
            "object.assign": "^4.1.0",
            "string.prototype.trimend": "^1.0.1",
            "string.prototype.trimstart": "^1.0.1"
          }
        }
      }
    },
    "object.entries": {
      "version": "1.1.2",
      "resolved": "https://registry.npm.taobao.org/object.entries/download/object.entries-1.1.2.tgz?cache=0&sync_timestamp=1590009612950&other_urls=https%3A%2F%2Fregistry.npm.taobao.org%2Fobject.entries%2Fdownload%2Fobject.entries-1.1.2.tgz",
      "integrity": "sha1-vHPwCstra7FsIDQ0sQ+afnl9Ot0=",
      "requires": {
        "define-properties": "^1.1.3",
        "es-abstract": "^1.17.5",
        "has": "^1.0.3"
      }
    },
    "object.fromentries": {
      "version": "2.0.2",
      "resolved": "https://registry.npm.taobao.org/object.fromentries/download/object.fromentries-2.0.2.tgz",
      "integrity": "sha1-SgnJubs4Q90PiazbUXp5TU81Wsk=",
      "requires": {
        "define-properties": "^1.1.3",
        "es-abstract": "^1.17.0-next.1",
        "function-bind": "^1.1.1",
        "has": "^1.0.3"
      }
    },
    "object.values": {
      "version": "1.1.1",
      "resolved": "https://registry.npm.taobao.org/object.values/download/object.values-1.1.1.tgz",
      "integrity": "sha1-aKmezeNWt+kpWjxeDOMdyMlT3l4=",
      "requires": {
        "define-properties": "^1.1.3",
        "es-abstract": "^1.17.0-next.1",
        "function-bind": "^1.1.1",
        "has": "^1.0.3"
      }
    },
    "path-parse": {
      "version": "1.0.6",
      "resolved": "https://registry.npm.taobao.org/path-parse/download/path-parse-1.0.6.tgz",
      "integrity": "sha1-1i27VnlAXXLEc37FhgDp3c8G0kw="
    },
    "path-to-regexp": {
      "version": "1.8.0",
      "resolved": "https://registry.npm.taobao.org/path-to-regexp/download/path-to-regexp-1.8.0.tgz",
      "integrity": "sha1-iHs7qdhDk+h6CgufTLdWGYtTVIo=",
      "requires": {
        "isarray": "0.0.1"
      }
    },
    "prop-types": {
      "version": "15.7.2",
      "resolved": "https://registry.npm.taobao.org/prop-types/download/prop-types-15.7.2.tgz",
      "integrity": "sha1-UsQedbjIfnK52TYOAga5ncv/psU=",
      "requires": {
        "loose-envify": "^1.4.0",
        "object-assign": "^4.1.1",
        "react-is": "^16.8.1"
      }
    },
    "react": {
      "version": "16.13.1",
      "resolved": "https://registry.npm.taobao.org/react/download/react-16.13.1.tgz?cache=0&sync_timestamp=1600733652285&other_urls=https%3A%2F%2Fregistry.npm.taobao.org%2Freact%2Fdownload%2Freact-16.13.1.tgz",
      "integrity": "sha1-LoGIIvGpdDEiwGPWQQ2FweOv5I4=",
      "requires": {
        "loose-envify": "^1.1.0",
        "object-assign": "^4.1.1",
        "prop-types": "^15.6.2"
      }
    },
    "react-dom": {
      "version": "16.13.1",
      "resolved": "https://registry.npm.taobao.org/react-dom/download/react-dom-16.13.1.tgz?cache=0&sync_timestamp=1600732012940&other_urls=https%3A%2F%2Fregistry.npm.taobao.org%2Freact-dom%2Fdownload%2Freact-dom-16.13.1.tgz",
      "integrity": "sha1-wb03MxoEhsB47lTEdAcgmTsuDn8=",
      "requires": {
        "loose-envify": "^1.1.0",
        "object-assign": "^4.1.1",
        "prop-types": "^15.6.2",
        "scheduler": "^0.19.1"
      }
    },
    "react-is": {
      "version": "16.13.1",
      "resolved": "https://registry.npm.taobao.org/react-is/download/react-is-16.13.1.tgz?cache=0&sync_timestamp=1600731936700&other_urls=https%3A%2F%2Fregistry.npm.taobao.org%2Freact-is%2Fdownload%2Freact-is-16.13.1.tgz",
      "integrity": "sha1-eJcppNw23imZ3BVt1sHZwYzqVqQ="
    },
    "react-lifecycles-compat": {
      "version": "3.0.4",
      "resolved": "https://registry.npm.taobao.org/react-lifecycles-compat/download/react-lifecycles-compat-3.0.4.tgz",
      "integrity": "sha1-TxonOv38jzSIqMUWv9p4+HI1I2I="
    },
    "react-redux": {
      "version": "5.1.2",
      "resolved": "https://registry.npm.taobao.org/react-redux/download/react-redux-5.1.2.tgz",
      "integrity": "sha1-sZz54h1pRCJye/eY6TSpFsQID1c=",
      "requires": {
        "@babel/runtime": "^7.1.2",
        "hoist-non-react-statics": "^3.3.0",
        "invariant": "^2.2.4",
        "loose-envify": "^1.1.0",
        "prop-types": "^15.6.1",
        "react-is": "^16.6.0",
        "react-lifecycles-compat": "^3.0.0"
      }
    },
    "react-router": {
      "version": "4.3.1",
      "resolved": "https://registry.npm.taobao.org/react-router/download/react-router-4.3.1.tgz",
      "integrity": "sha1-qtpK7xTICcsuaGsFzuR0IjRQbE4=",
      "requires": {
        "history": "^4.7.2",
        "hoist-non-react-statics": "^2.5.0",
        "invariant": "^2.2.4",
        "loose-envify": "^1.3.1",
        "path-to-regexp": "^1.7.0",
        "prop-types": "^15.6.1",
        "warning": "^4.0.1"
      },
      "dependencies": {
        "hoist-non-react-statics": {
          "version": "2.5.5",
          "resolved": "https://registry.npm.taobao.org/hoist-non-react-statics/download/hoist-non-react-statics-2.5.5.tgz",
          "integrity": "sha1-xZA89AnA39kI84jmGdhrnBF0y0c="
        }
      }
    },
    "react-router-dom": {
      "version": "4.3.1",
      "resolved": "https://registry.npm.taobao.org/react-router-dom/download/react-router-dom-4.3.1.tgz",
      "integrity": "sha1-TCYZ/CTE+ofJ/Rj0+0pD/mP71cY=",
      "requires": {
        "history": "^4.7.2",
        "invariant": "^2.2.4",
        "loose-envify": "^1.3.1",
        "prop-types": "^15.6.1",
        "react-router": "^4.3.1",
        "warning": "^4.0.1"
      }
    },
    "react-router-redux": {
      "version": "5.0.0-alpha.8",
      "resolved": "https://registry.npm.taobao.org/react-router-redux/download/react-router-redux-5.0.0-alpha.8.tgz",
      "integrity": "sha1-UkLHBXMLKshir/eo6Q+HDQz0XhI=",
      "requires": {
        "history": "^4.7.2",
        "prop-types": "^15.6.0",
        "react-router": "^4.2.0"
      }
    },
    "react-swipe": {
      "version": "5.1.1",
      "resolved": "https://registry.npm.taobao.org/react-swipe/download/react-swipe-5.1.1.tgz",
      "integrity": "sha1-WusIr8Xv7BNQeu1uWEE2CCHp8NE=",
      "requires": {
        "object-assign": "^4.1.1",
        "prop-types": "^15.6.0",
        "swipe-js-iso": "^2.0.4"
      }
    },
    "redux": {
      "version": "3.7.2",
      "resolved": "https://registry.npm.taobao.org/redux/download/redux-3.7.2.tgz",
      "integrity": "sha1-BrcxIyFZAdJdBlvjQusCa8HIU3s=",
      "requires": {
        "lodash": "^4.2.1",
        "lodash-es": "^4.2.1",
        "loose-envify": "^1.1.0",
        "symbol-observable": "^1.0.3"
      }
    },
    "redux-logger": {
      "version": "3.0.6",
      "resolved": "https://registry.npm.taobao.org/redux-logger/download/redux-logger-3.0.6.tgz",
      "integrity": "sha1-91VZZvMJjzyIYExEnPC69XeCdL8=",
      "requires": {
        "deep-diff": "^0.3.5"
      }
    },
    "redux-thunk": {
      "version": "2.3.0",
      "resolved": "https://registry.npm.taobao.org/redux-thunk/download/redux-thunk-2.3.0.tgz",
      "integrity": "sha1-UcLBmhhe1Rh6qpotCLZm0NZGdiI="
    },
    "regenerator-runtime": {
      "version": "0.13.7",
      "resolved": "https://registry.npm.taobao.org/regenerator-runtime/download/regenerator-runtime-0.13.7.tgz?cache=0&sync_timestamp=1595456117883&other_urls=https%3A%2F%2Fregistry.npm.taobao.org%2Fregenerator-runtime%2Fdownload%2Fregenerator-runtime-0.13.7.tgz",
      "integrity": "sha1-ysLazIoepnX+qrrriugziYrkb1U="
    },
    "regexp.prototype.flags": {
      "version": "1.3.0",
      "resolved": "https://registry.npm.taobao.org/regexp.prototype.flags/download/regexp.prototype.flags-1.3.0.tgz",
      "integrity": "sha1-erqJs8E6ZFCdq888qNn7ub31y3U=",
      "requires": {
        "define-properties": "^1.1.3",
        "es-abstract": "^1.17.0-next.1"
      }
    },
    "resolve": {
      "version": "1.17.0",
      "resolved": "https://registry.npm.taobao.org/resolve/download/resolve-1.17.0.tgz",
      "integrity": "sha1-sllBtUloIxzC0bt2p5y38sC/hEQ=",
      "requires": {
        "path-parse": "^1.0.6"
      }
    },
    "resolve-pathname": {
      "version": "3.0.0",
      "resolved": "https://registry.npm.taobao.org/resolve-pathname/download/resolve-pathname-3.0.0.tgz",
      "integrity": "sha1-mdAiJNPPJjaJvsuzk7xWAxMCXc0="
    },
    "scheduler": {
      "version": "0.19.1",
      "resolved": "https://registry.npm.taobao.org/scheduler/download/scheduler-0.19.1.tgz?cache=0&sync_timestamp=1600731943151&other_urls=https%3A%2F%2Fregistry.npm.taobao.org%2Fscheduler%2Fdownload%2Fscheduler-0.19.1.tgz",
      "integrity": "sha1-Tz4u0sGn1laB9MhU+oxaHMtA8ZY=",
      "requires": {
        "loose-envify": "^1.1.0",
        "object-assign": "^4.1.1"
      }
    },
    "side-channel": {
      "version": "1.0.3",
      "resolved": "https://registry.npm.taobao.org/side-channel/download/side-channel-1.0.3.tgz",
      "integrity": "sha1-zcRrBXVQu6tjcGIQg4311MGVGcM=",
      "requires": {
        "es-abstract": "^1.18.0-next.0",
        "object-inspect": "^1.8.0"
      },
      "dependencies": {
        "es-abstract": {
          "version": "1.18.0-next.0",
          "resolved": "https://registry.npm.taobao.org/es-abstract/download/es-abstract-1.18.0-next.0.tgz?cache=0&sync_timestamp=1597446119395&other_urls=https%3A%2F%2Fregistry.npm.taobao.org%2Fes-abstract%2Fdownload%2Fes-abstract-1.18.0-next.0.tgz",
          "integrity": "sha1-swKDSSfmJNjlg37UgiQpHyxm5vw=",
          "requires": {
            "es-to-primitive": "^1.2.1",
            "function-bind": "^1.1.1",
            "has": "^1.0.3",
            "has-symbols": "^1.0.1",
            "is-callable": "^1.2.0",
            "is-negative-zero": "^2.0.0",
            "is-regex": "^1.1.1",
            "object-inspect": "^1.8.0",
            "object-keys": "^1.1.1",
            "object.assign": "^4.1.0",
            "string.prototype.trimend": "^1.0.1",
            "string.prototype.trimstart": "^1.0.1"
          }
        }
      }
    },
    "string.prototype.matchall": {
      "version": "4.0.2",
      "resolved": "https://registry.npm.taobao.org/string.prototype.matchall/download/string.prototype.matchall-4.0.2.tgz",
      "integrity": "sha1-SLtRAyb7n962ozzqqBpuoE73ZI4=",
      "requires": {
        "define-properties": "^1.1.3",
        "es-abstract": "^1.17.0",
        "has-symbols": "^1.0.1",
        "internal-slot": "^1.0.2",
        "regexp.prototype.flags": "^1.3.0",
        "side-channel": "^1.0.2"
      }
    },
    "string.prototype.trimend": {
      "version": "1.0.1",
      "resolved": "https://registry.npm.taobao.org/string.prototype.trimend/download/string.prototype.trimend-1.0.1.tgz",
      "integrity": "sha1-hYEqa4R6wAInD1gIFGBkyZX7aRM=",
      "requires": {
        "define-properties": "^1.1.3",
        "es-abstract": "^1.17.5"
      }
    },
    "string.prototype.trimstart": {
      "version": "1.0.1",
      "resolved": "https://registry.npm.taobao.org/string.prototype.trimstart/download/string.prototype.trimstart-1.0.1.tgz",
      "integrity": "sha1-FK9tnzSwU/fPyJty+PLuFLkDmlQ=",
      "requires": {
        "define-properties": "^1.1.3",
        "es-abstract": "^1.17.5"
      }
    },
    "swipe-js-iso": {
      "version": "2.1.5",
      "resolved": "https://registry.npm.taobao.org/swipe-js-iso/download/swipe-js-iso-2.1.5.tgz",
      "integrity": "sha1-mw7qi5dASH5hadZVGE/GRAtqLjQ="
    },
    "symbol-observable": {
      "version": "1.2.0",
      "resolved": "https://registry.npm.taobao.org/symbol-observable/download/symbol-observable-1.2.0.tgz?cache=0&sync_timestamp=1599184805567&other_urls=https%3A%2F%2Fregistry.npm.taobao.org%2Fsymbol-observable%2Fdownload%2Fsymbol-observable-1.2.0.tgz",
      "integrity": "sha1-wiaIrtTqs83C3+rLtWFmBWCgCAQ="
    },
    "tiny-invariant": {
      "version": "1.1.0",
      "resolved": "https://registry.npm.taobao.org/tiny-invariant/download/tiny-invariant-1.1.0.tgz",
      "integrity": "sha1-Y0xfjv3CdxS384bDXmdgmR0jCHU="
    },
    "tiny-warning": {
      "version": "1.0.3",
      "resolved": "https://registry.npm.taobao.org/tiny-warning/download/tiny-warning-1.0.3.tgz",
      "integrity": "sha1-lKMNtFPfTGQ9D9VmBg1gqHXYR1Q="
    },
    "value-equal": {
      "version": "1.0.1",
      "resolved": "https://registry.npm.taobao.org/value-equal/download/value-equal-1.0.1.tgz",
      "integrity": "sha1-Hgt5THNMXAyt4XnEN9NW2TGjTWw="
    },
    "warning": {
      "version": "4.0.3",
      "resolved": "https://registry.npm.taobao.org/warning/download/warning-4.0.3.tgz",
      "integrity": "sha1-Fungd+uKhtavfWSqHgX9hbRnjKM=",
      "requires": {
        "loose-envify": "^1.0.0"
      }
    },
    "whatwg-fetch": {
      "version": "2.0.4",
      "resolved": "https://registry.npm.taobao.org/whatwg-fetch/download/whatwg-fetch-2.0.4.tgz?cache=0&sync_timestamp=1599473260478&other_urls=https%3A%2F%2Fregistry.npm.taobao.org%2Fwhatwg-fetch%2Fdownload%2Fwhatwg-fetch-2.0.4.tgz",
      "integrity": "sha1-3eal3zFfnTmZGqF2IYU9cguFVm8="
    }
  }
}
